
Microsoft Visual Studio Solution File, Format Version 12.00
# Visual Studio Version 17
VisualStudioVersion = 17.13.35825.156
MinimumVisualStudioVersion = 10.0.40219.1
Project("{FAE04EC0-301F-11D3-BF4B-00C04F79EFBC}") = "Asrfly", "Asrfly\Asrfly.csproj", "{71426530-A768-4633-BE79-7F48384B49BD}"
EndProject
Project("{FAE04EC0-301F-11D3-BF4B-00C04F79EFBC}") = "Asrfly.Core", "Asrfly.Core\Asrfly.Core.csproj", "{C178490E-4EFE-4D18-8C7C-324A3311761B}"
EndProject
Project("{FAE04EC0-301F-11D3-BF4B-00C04F79EFBC}") = "Asrfly.Data", "Asrfly.Data\Asrfly.Data.csproj", "{76A1381D-5474-4CB8-99CD-B961B789F891}"
EndProject
Project("{FAE04EC0-301F-11D3-BF4B-00C04F79EFBC}") = "Asrfly.Tests", "Asrfly.Tests\Asrfly.Tests.csproj", "{D0709874-F870-4D34-A8BF-3F7AF0A2957A}"
EndProject
Global
	GlobalSection(SolutionConfigurationPlatforms) = preSolution
		Debug|Any CPU = Debug|Any CPU
		Release|Any CPU = Release|Any CPU
	EndGlobalSection
	GlobalSection(ProjectConfigurationPlatforms) = postSolution
		{71426530-A768-4633-BE79-7F48384B49BD}.Debug|Any CPU.ActiveCfg = Debug|Any CPU
		{71426530-A768-4633-BE79-7F48384B49BD}.Debug|Any CPU.Build.0 = Debug|Any CPU
		{71426530-A768-4633-BE79-7F48384B49BD}.Release|Any CPU.ActiveCfg = Release|Any CPU
		{71426530-A768-4633-BE79-7F48384B49BD}.Release|Any CPU.Build.0 = Release|Any CPU
		{C178490E-4EFE-4D18-8C7C-324A3311761B}.Debug|Any CPU.ActiveCfg = Debug|Any CPU
		{C178490E-4EFE-4D18-8C7C-324A3311761B}.Debug|Any CPU.Build.0 = Debug|Any CPU
		{C178490E-4EFE-4D18-8C7C-324A3311761B}.Release|Any CPU.ActiveCfg = Release|Any CPU
		{C178490E-4EFE-4D18-8C7C-324A3311761B}.Release|Any CPU.Build.0 = Release|Any CPU
		{76A1381D-5474-4CB8-99CD-B961B789F891}.Debug|Any CPU.ActiveCfg = Debug|Any CPU
		{76A1381D-5474-4CB8-99CD-B961B789F891}.Debug|Any CPU.Build.0 = Debug|Any CPU
		{76A1381D-5474-4CB8-99CD-B961B789F891}.Release|Any CPU.ActiveCfg = Release|Any CPU
		{76A1381D-5474-4CB8-99CD-B961B789F891}.Release|Any CPU.Build.0 = Release|Any CPU
		{D0709874-F870-4D34-A8BF-3F7AF0A2957A}.Debug|Any CPU.ActiveCfg = Debug|Any CPU
		{D0709874-F870-4D34-A8BF-3F7AF0A2957A}.Debug|Any CPU.Build.0 = Debug|Any CPU
		{D0709874-F870-4D34-A8BF-3F7AF0A2957A}.Release|Any CPU.ActiveCfg = Release|Any CPU
		{D0709874-F870-4D34-A8BF-3F7AF0A2957A}.Release|Any CPU.Build.0 = Release|Any CPU
	EndGlobalSection
	GlobalSection(SolutionProperties) = preSolution
		HideSolutionNode = FALSE
	EndGlobalSection
	GlobalSection(ExtensibilityGlobals) = postSolution
		SolutionGuid = {185E9CE2-806F-476E-A661-F5FB44283665}
	EndGlobalSection
EndGlobal
